
Microsoft Visual Studio Solution File, Format Version 12.00
# Visual Studio 15
VisualStudioVersion = 15.0.27004.2005
MinimumVisualStudioVersion = 10.0.40219.1
Project("{FAE04EC0-301F-11D3-BF4B-00C04F79EFBC}") = "BENZIN 1.0", "BENZIN 1.0\BENZIN 1.0.csproj", "{ED950160-5EE0-4E3B-864A-AEFC5C0F4653}"
EndProject
Project("{FAE04EC0-301F-11D3-BF4B-00C04F79EFBC}") = "BENZIN_Tests", "UnitTestProject1\BENZIN_Tests.csproj", "{F91F49BF-8C4A-42CB-A823-56ADF0EDF51C}"
EndProject
Global
	GlobalSection(SolutionConfigurationPlatforms) = preSolution
		Debug|Any CPU = Debug|Any CPU
		Debug|x86 = Debug|x86
		Release|Any CPU = Release|Any CPU
		Release|x86 = Release|x86
	EndGlobalSection
	GlobalSection(ProjectConfigurationPlatforms) = postSolution
		{ED950160-5EE0-4E3B-864A-AEFC5C0F4653}.Debug|Any CPU.ActiveCfg = Debug|x86
		{ED950160-5EE0-4E3B-864A-AEFC5C0F4653}.Debug|x86.ActiveCfg = Debug|x86
		{ED950160-5EE0-4E3B-864A-AEFC5C0F4653}.Debug|x86.Build.0 = Debug|x86
		{ED950160-5EE0-4E3B-864A-AEFC5C0F4653}.Release|Any CPU.ActiveCfg = Release|x86
		{ED950160-5EE0-4E3B-864A-AEFC5C0F4653}.Release|x86.ActiveCfg = Release|x86
		{ED950160-5EE0-4E3B-864A-AEFC5C0F4653}.Release|x86.Build.0 = Release|x86
		{F91F49BF-8C4A-42CB-A823-56ADF0EDF51C}.Debug|Any CPU.ActiveCfg = Debug|Any CPU
		{F91F49BF-8C4A-42CB-A823-56ADF0EDF51C}.Debug|Any CPU.Build.0 = Debug|Any CPU
		{F91F49BF-8C4A-42CB-A823-56ADF0EDF51C}.Debug|x86.ActiveCfg = Debug|Any CPU
		{F91F49BF-8C4A-42CB-A823-56ADF0EDF51C}.Debug|x86.Build.0 = Debug|Any CPU
		{F91F49BF-8C4A-42CB-A823-56ADF0EDF51C}.Release|Any CPU.ActiveCfg = Release|Any CPU
		{F91F49BF-8C4A-42CB-A823-56ADF0EDF51C}.Release|Any CPU.Build.0 = Release|Any CPU
		{F91F49BF-8C4A-42CB-A823-56ADF0EDF51C}.Release|x86.ActiveCfg = Release|Any CPU
		{F91F49BF-8C4A-42CB-A823-56ADF0EDF51C}.Release|x86.Build.0 = Release|Any CPU
	EndGlobalSection
	GlobalSection(SolutionProperties) = preSolution
		HideSolutionNode = FALSE
	EndGlobalSection
	GlobalSection(ExtensibilityGlobals) = postSolution
		SolutionGuid = {A1F20B2C-0B02-4FDE-8B8D-28E75D090C1F}
	EndGlobalSection
EndGlobal
